
Microsoft Visual Studio Solution File, Format Version 12.00
# Visual Studio Version 16
VisualStudioVersion = 16.0.30907.101
MinimumVisualStudioVersion = 10.0.40219.1
Project("{9A19103F-16F7-4668-BE54-9A1E7A4F7556}") = "PboneUtils", "PboneUtils.csproj", "{C777F20E-B7E6-4EFE-88BC-118ABE4013A0}"
EndProject
Global
	GlobalSection(SolutionConfigurationPlatforms) = preSolution
		Debug|Any CPU = Debug|Any CPU
		Release|Any CPU = Release|Any CPU
	EndGlobalSection
	GlobalSection(ProjectConfigurationPlatforms) = postSolution
		{C777F20E-B7E6-4EFE-88BC-118ABE4013A0}.Debug|Any CPU.ActiveCfg = Debug|Any CPU
		{C777F20E-B7E6-4EFE-88BC-118ABE4013A0}.Debug|Any CPU.Build.0 = Debug|Any CPU
		{C777F20E-B7E6-4EFE-88BC-118ABE4013A0}.Release|Any CPU.ActiveCfg = Release|Any CPU
		{C777F20E-B7E6-4EFE-88BC-118ABE4013A0}.Release|Any CPU.Build.0 = Release|Any CPU
	EndGlobalSection
	GlobalSection(SolutionProperties) = preSolution
		HideSolutionNode = FALSE
	EndGlobalSection
	GlobalSection(ExtensibilityGlobals) = postSolution
		SolutionGuid = {F2924FA5-2925-43AC-B057-34D2886D642F}
	EndGlobalSection
EndGlobal
